// !$*UTF8*$!
{
	archiveVersion = 1;
	classes = {
	};
	objectVersion = 55;
	objects = {

/* Begin PBXBuildFile section */
		17105C3427D13112005EA4E4 /* LocationCell.swift in Sources */ = {isa = PBXBuildFile; fileRef = 17105C3327D13112005EA4E4 /* LocationCell.swift */; };
		17105C3627D13194005EA4E4 /* CharacterCell.swift in Sources */ = {isa = PBXBuildFile; fileRef = 17105C3527D13194005EA4E4 /* CharacterCell.swift */; };
		1718F6FF27D968F1003CA031 /* LocationsRouter.swift in Sources */ = {isa = PBXBuildFile; fileRef = 1718F6FE27D968F1003CA031 /* LocationsRouter.swift */; };
		1718F71F27DABB49003CA031 /* LocationsViewModelTest.swift in Sources */ = {isa = PBXBuildFile; fileRef = 1718F71E27DABB49003CA031 /* LocationsViewModelTest.swift */; };
		1718F72227DBAE92003CA031 /* LocationCellViewModelTest.swift in Sources */ = {isa = PBXBuildFile; fileRef = 1718F72127DBAE92003CA031 /* LocationCellViewModelTest.swift */; };
		1718F72A27DC05A6003CA031 /* Service.swift in Sources */ = {isa = PBXBuildFile; fileRef = 1718F72927DC05A6003CA031 /* Service.swift */; };
		1718F73227DFD4FF003CA031 /* CharactersViewModelTest.swift in Sources */ = {isa = PBXBuildFile; fileRef = 1718F73127DFD4FF003CA031 /* CharactersViewModelTest.swift */; };
		171C6D8C27D4DBC500173B02 /* Extension.swift in Sources */ = {isa = PBXBuildFile; fileRef = 171C6D8B27D4DBC500173B02 /* Extension.swift */; };
		171C6D8E27D5391300173B02 /* CharacterViewController.swift in Sources */ = {isa = PBXBuildFile; fileRef = 171C6D8D27D5391300173B02 /* CharacterViewController.swift */; };
		171C6D9027D55A2900173B02 /* Generic.swift in Sources */ = {isa = PBXBuildFile; fileRef = 171C6D8F27D55A2900173B02 /* Generic.swift */; };
		171C6D9327D771E100173B02 /* CharactersRouter.swift in Sources */ = {isa = PBXBuildFile; fileRef = 171C6D9227D771E100173B02 /* CharactersRouter.swift */; };
		171C6D9527D785E400173B02 /* Base.swift in Sources */ = {isa = PBXBuildFile; fileRef = 171C6D9427D785E400173B02 /* Base.swift */; };
		171C6D9827D78F4800173B02 /* CharacterViewModel.swift in Sources */ = {isa = PBXBuildFile; fileRef = 171C6D9727D78F4800173B02 /* CharacterViewModel.swift */; };
		1756655F27CEC174004702AD /* LocationCellViewModel.swift in Sources */ = {isa = PBXBuildFile; fileRef = 1756655E27CEC174004702AD /* LocationCellViewModel.swift */; };
		1756656127CF7192004702AD /* CharacterCellViewModel.swift in Sources */ = {isa = PBXBuildFile; fileRef = 1756656027CF7192004702AD /* CharacterCellViewModel.swift */; };
		1784B0A227E76EEC0006775E /* Extensions.swift in Sources */ = {isa = PBXBuildFile; fileRef = 1784B0A127E76EEC0006775E /* Extensions.swift */; };
		1784B0A427E7A1560006775E /* locations_page1.json in Resources */ = {isa = PBXBuildFile; fileRef = 1784B0A327E7A1560006775E /* locations_page1.json */; };
		1784B0A827E7A54A0006775E /* locations_page2.json in Resources */ = {isa = PBXBuildFile; fileRef = 1784B0A727E7A54A0006775E /* locations_page2.json */; };
		1784B0AA27E7A5B30006775E /* location_1.json in Resources */ = {isa = PBXBuildFile; fileRef = 1784B0A927E7A5B30006775E /* location_1.json */; };
		1784B0AC27E7A5D30006775E /* location_2.json in Resources */ = {isa = PBXBuildFile; fileRef = 1784B0AB27E7A5D30006775E /* location_2.json */; };
		1784B0B527E7A66A0006775E /* characters_page2.json in Resources */ = {isa = PBXBuildFile; fileRef = 1784B0AD27E7A66A0006775E /* characters_page2.json */; };
		1784B0B627E7A66A0006775E /* episodes_page1.json in Resources */ = {isa = PBXBuildFile; fileRef = 1784B0AE27E7A66A0006775E /* episodes_page1.json */; };
		1784B0B727E7A66A0006775E /* character_1.json in Resources */ = {isa = PBXBuildFile; fileRef = 1784B0AF27E7A66A0006775E /* character_1.json */; };
		1784B0B827E7A66A0006775E /* episodes_page2.json in Resources */ = {isa = PBXBuildFile; fileRef = 1784B0B027E7A66A0006775E /* episodes_page2.json */; };
		1784B0B927E7A66A0006775E /* characters_page1.json in Resources */ = {isa = PBXBuildFile; fileRef = 1784B0B127E7A66A0006775E /* characters_page1.json */; };
		1784B0BA27E7A66A0006775E /* episode_2.json in Resources */ = {isa = PBXBuildFile; fileRef = 1784B0B227E7A66A0006775E /* episode_2.json */; };
		1784B0BB27E7A66A0006775E /* episode_1.json in Resources */ = {isa = PBXBuildFile; fileRef = 1784B0B327E7A66A0006775E /* episode_1.json */; };
		1784B0BC27E7A66A0006775E /* character_2.json in Resources */ = {isa = PBXBuildFile; fileRef = 1784B0B427E7A66A0006775E /* character_2.json */; };
		17A24DE627B4698100C35674 /* LocationsViewController.swift in Sources */ = {isa = PBXBuildFile; fileRef = 17A24DE527B4698100C35674 /* LocationsViewController.swift */; };
		17A24DE827B46A1A00C35674 /* CharactersViewController.swift in Sources */ = {isa = PBXBuildFile; fileRef = 17A24DE727B46A1A00C35674 /* CharactersViewController.swift */; };
		17A24DEB27B7268700C35674 /* LocationsViewModel.swift in Sources */ = {isa = PBXBuildFile; fileRef = 17A24DEA27B7268700C35674 /* LocationsViewModel.swift */; };
		17A24DEE27B726D700C35674 /* CharactersViewModel.swift in Sources */ = {isa = PBXBuildFile; fileRef = 17A24DED27B726D700C35674 /* CharactersViewModel.swift */; };
		17DA997E27AEF49F00922724 /* AppDelegate.swift in Sources */ = {isa = PBXBuildFile; fileRef = 17DA997D27AEF49F00922724 /* AppDelegate.swift */; };
		17DA998027AEF49F00922724 /* SceneDelegate.swift in Sources */ = {isa = PBXBuildFile; fileRef = 17DA997F27AEF49F00922724 /* SceneDelegate.swift */; };
		17DA998527AEF49F00922724 /* Main.storyboard in Resources */ = {isa = PBXBuildFile; fileRef = 17DA998327AEF49F00922724 /* Main.storyboard */; };
		17DA998727AEF4A000922724 /* Assets.xcassets in Resources */ = {isa = PBXBuildFile; fileRef = 17DA998627AEF4A000922724 /* Assets.xcassets */; };
		17DA998A27AEF4A000922724 /* LaunchScreen.storyboard in Resources */ = {isa = PBXBuildFile; fileRef = 17DA998827AEF4A000922724 /* LaunchScreen.storyboard */; };
		17DA99AF27AEF76900922724 /* Character.swift in Sources */ = {isa = PBXBuildFile; fileRef = 17DA99AE27AEF76900922724 /* Character.swift */; };
		17DA99B127AEF7E600922724 /* Location.swift in Sources */ = {isa = PBXBuildFile; fileRef = 17DA99B027AEF7E600922724 /* Location.swift */; };
		17DA99BC27AFA6C300922724 /* Episode.swift in Sources */ = {isa = PBXBuildFile; fileRef = 17DA99BB27AFA6C300922724 /* Episode.swift */; };
		17DA99BF27B1A60500922724 /* ApiList.swift in Sources */ = {isa = PBXBuildFile; fileRef = 17DA99BE27B1A60500922724 /* ApiList.swift */; };
		17DA99C127B2804100922724 /* Images.xcassets in Resources */ = {isa = PBXBuildFile; fileRef = 17DA99C027B2804100922724 /* Images.xcassets */; };
		17DA99E127B45FCE00922724 /* MyTabBarController.swift in Sources */ = {isa = PBXBuildFile; fileRef = 17DA99E027B45FCE00922724 /* MyTabBarController.swift */; };
		8EA40C0FF9A73BB4988FF7D6 /* Pods_Rick_Morty.framework in Frameworks */ = {isa = PBXBuildFile; fileRef = E91B63783DF1A64989ECC1A6 /* Pods_Rick_Morty.framework */; };
/* End PBXBuildFile section */

/* Begin PBXContainerItemProxy section */
		1718F71527DAA1DA003CA031 /* PBXContainerItemProxy */ = {
			isa = PBXContainerItemProxy;
			containerPortal = 17DA997227AEF49F00922724 /* Project object */;
			proxyType = 1;
			remoteGlobalIDString = 17DA997927AEF49F00922724;
			remoteInfo = "Rick&Morty";
		};
/* End PBXContainerItemProxy section */

/* Begin PBXFileReference section */
		09A56AD02D224E6E4A7D4B69 /* Pods-Rick&MortyTests.debug.xcconfig */ = {isa = PBXFileReference; includeInIndex = 1; lastKnownFileType = text.xcconfig; name = "Pods-Rick&MortyTests.debug.xcconfig"; path = "Target Support Files/Pods-Rick&MortyTests/Pods-Rick&MortyTests.debug.xcconfig"; sourceTree = "<group>"; };
		17105C3327D13112005EA4E4 /* LocationCell.swift */ = {isa = PBXFileReference; lastKnownFileType = sourcecode.swift; path = LocationCell.swift; sourceTree = "<group>"; };
		17105C3527D13194005EA4E4 /* CharacterCell.swift */ = {isa = PBXFileReference; lastKnownFileType = sourcecode.swift; path = CharacterCell.swift; sourceTree = "<group>"; };
		1718F6FE27D968F1003CA031 /* LocationsRouter.swift */ = {isa = PBXFileReference; lastKnownFileType = sourcecode.swift; path = LocationsRouter.swift; sourceTree = "<group>"; };
		1718F71127DAA1DA003CA031 /* Rick&MortyTests.xctest */ = {isa = PBXFileReference; explicitFileType = wrapper.cfbundle; includeInIndex = 0; path = "Rick&MortyTests.xctest"; sourceTree = BUILT_PRODUCTS_DIR; };
		1718F71E27DABB49003CA031 /* LocationsViewModelTest.swift */ = {isa = PBXFileReference; lastKnownFileType = sourcecode.swift; path = LocationsViewModelTest.swift; sourceTree = "<group>"; };
		1718F72127DBAE92003CA031 /* LocationCellViewModelTest.swift */ = {isa = PBXFileReference; lastKnownFileType = sourcecode.swift; path = LocationCellViewModelTest.swift; sourceTree = "<group>"; };
		1718F72927DC05A6003CA031 /* Service.swift */ = {isa = PBXFileReference; fileEncoding = 4; lastKnownFileType = sourcecode.swift; path = Service.swift; sourceTree = "<group>"; };
		1718F73127DFD4FF003CA031 /* CharactersViewModelTest.swift */ = {isa = PBXFileReference; lastKnownFileType = sourcecode.swift; path = CharactersViewModelTest.swift; sourceTree = "<group>"; };
		171C6D8B27D4DBC500173B02 /* Extension.swift */ = {isa = PBXFileReference; lastKnownFileType = sourcecode.swift; path = Extension.swift; sourceTree = "<group>"; };
		171C6D8D27D5391300173B02 /* CharacterViewController.swift */ = {isa = PBXFileReference; lastKnownFileType = sourcecode.swift; path = CharacterViewController.swift; sourceTree = "<group>"; };
		171C6D8F27D55A2900173B02 /* Generic.swift */ = {isa = PBXFileReference; lastKnownFileType = sourcecode.swift; path = Generic.swift; sourceTree = "<group>"; };
		171C6D9227D771E100173B02 /* CharactersRouter.swift */ = {isa = PBXFileReference; lastKnownFileType = sourcecode.swift; path = CharactersRouter.swift; sourceTree = "<group>"; };
		171C6D9427D785E400173B02 /* Base.swift */ = {isa = PBXFileReference; lastKnownFileType = sourcecode.swift; path = Base.swift; sourceTree = "<group>"; };
		171C6D9727D78F4800173B02 /* CharacterViewModel.swift */ = {isa = PBXFileReference; lastKnownFileType = sourcecode.swift; path = CharacterViewModel.swift; sourceTree = "<group>"; };
		1756655E27CEC174004702AD /* LocationCellViewModel.swift */ = {isa = PBXFileReference; lastKnownFileType = sourcecode.swift; path = LocationCellViewModel.swift; sourceTree = "<group>"; };
		1756656027CF7192004702AD /* CharacterCellViewModel.swift */ = {isa = PBXFileReference; lastKnownFileType = sourcecode.swift; path = CharacterCellViewModel.swift; sourceTree = "<group>"; };
		1784B0A127E76EEC0006775E /* Extensions.swift */ = {isa = PBXFileReference; lastKnownFileType = sourcecode.swift; path = Extensions.swift; sourceTree = "<group>"; };
		1784B0A327E7A1560006775E /* locations_page1.json */ = {isa = PBXFileReference; lastKnownFileType = text.json; path = locations_page1.json; sourceTree = "<group>"; };
		1784B0A727E7A54A0006775E /* locations_page2.json */ = {isa = PBXFileReference; fileEncoding = 4; lastKnownFileType = text.json; path = locations_page2.json; sourceTree = "<group>"; };
		1784B0A927E7A5B30006775E /* location_1.json */ = {isa = PBXFileReference; lastKnownFileType = text.json; path = location_1.json; sourceTree = "<group>"; };
		1784B0AB27E7A5D30006775E /* location_2.json */ = {isa = PBXFileReference; lastKnownFileType = text.json; path = location_2.json; sourceTree = "<group>"; };
		1784B0AD27E7A66A0006775E /* characters_page2.json */ = {isa = PBXFileReference; fileEncoding = 4; lastKnownFileType = text.json; path = characters_page2.json; sourceTree = "<group>"; };
		1784B0AE27E7A66A0006775E /* episodes_page1.json */ = {isa = PBXFileReference; fileEncoding = 4; lastKnownFileType = text.json; path = episodes_page1.json; sourceTree = "<group>"; };
		1784B0AF27E7A66A0006775E /* character_1.json */ = {isa = PBXFileReference; fileEncoding = 4; lastKnownFileType = text.json; path = character_1.json; sourceTree = "<group>"; };
		1784B0B027E7A66A0006775E /* episodes_page2.json */ = {isa = PBXFileReference; fileEncoding = 4; lastKnownFileType = text.json; path = episodes_page2.json; sourceTree = "<group>"; };
		1784B0B127E7A66A0006775E /* characters_page1.json */ = {isa = PBXFileReference; fileEncoding = 4; lastKnownFileType = text.json; path = characters_page1.json; sourceTree = "<group>"; };
		1784B0B227E7A66A0006775E /* episode_2.json */ = {isa = PBXFileReference; fileEncoding = 4; lastKnownFileType = text.json; path = episode_2.json; sourceTree = "<group>"; };
		1784B0B327E7A66A0006775E /* episode_1.json */ = {isa = PBXFileReference; fileEncoding = 4; lastKnownFileType = text.json; path = episode_1.json; sourceTree = "<group>"; };
		1784B0B427E7A66A0006775E /* character_2.json */ = {isa = PBXFileReference; fileEncoding = 4; lastKnownFileType = text.json; path = character_2.json; sourceTree = "<group>"; };
		17A24DE527B4698100C35674 /* LocationsViewController.swift */ = {isa = PBXFileReference; lastKnownFileType = sourcecode.swift; path = LocationsViewController.swift; sourceTree = "<group>"; };
		17A24DE727B46A1A00C35674 /* CharactersViewController.swift */ = {isa = PBXFileReference; lastKnownFileType = sourcecode.swift; path = CharactersViewController.swift; sourceTree = "<group>"; };
		17A24DEA27B7268700C35674 /* LocationsViewModel.swift */ = {isa = PBXFileReference; lastKnownFileType = sourcecode.swift; path = LocationsViewModel.swift; sourceTree = "<group>"; };
		17A24DED27B726D700C35674 /* CharactersViewModel.swift */ = {isa = PBXFileReference; lastKnownFileType = sourcecode.swift; path = CharactersViewModel.swift; sourceTree = "<group>"; };
		17DA997A27AEF49F00922724 /* Rick&Morty.app */ = {isa = PBXFileReference; explicitFileType = wrapper.application; includeInIndex = 0; path = "Rick&Morty.app"; sourceTree = BUILT_PRODUCTS_DIR; };
		17DA997D27AEF49F00922724 /* AppDelegate.swift */ = {isa = PBXFileReference; lastKnownFileType = sourcecode.swift; path = AppDelegate.swift; sourceTree = "<group>"; };
		17DA997F27AEF49F00922724 /* SceneDelegate.swift */ = {isa = PBXFileReference; lastKnownFileType = sourcecode.swift; path = SceneDelegate.swift; sourceTree = "<group>"; };
		17DA998427AEF49F00922724 /* Base */ = {isa = PBXFileReference; lastKnownFileType = file.storyboard; name = Base; path = Base.lproj/Main.storyboard; sourceTree = "<group>"; };
		17DA998627AEF4A000922724 /* Assets.xcassets */ = {isa = PBXFileReference; lastKnownFileType = folder.assetcatalog; path = Assets.xcassets; sourceTree = "<group>"; };
		17DA998927AEF4A000922724 /* Base */ = {isa = PBXFileReference; lastKnownFileType = file.storyboard; name = Base; path = Base.lproj/LaunchScreen.storyboard; sourceTree = "<group>"; };
		17DA998B27AEF4A000922724 /* Info.plist */ = {isa = PBXFileReference; lastKnownFileType = text.plist.xml; path = Info.plist; sourceTree = "<group>"; };
		17DA99AE27AEF76900922724 /* Character.swift */ = {isa = PBXFileReference; lastKnownFileType = sourcecode.swift; path = Character.swift; sourceTree = "<group>"; };
		17DA99B027AEF7E600922724 /* Location.swift */ = {isa = PBXFileReference; lastKnownFileType = sourcecode.swift; path = Location.swift; sourceTree = "<group>"; };
		17DA99BB27AFA6C300922724 /* Episode.swift */ = {isa = PBXFileReference; lastKnownFileType = sourcecode.swift; path = Episode.swift; sourceTree = "<group>"; };
		17DA99BE27B1A60500922724 /* ApiList.swift */ = {isa = PBXFileReference; lastKnownFileType = sourcecode.swift; path = ApiList.swift; sourceTree = "<group>"; };
		17DA99C027B2804100922724 /* Images.xcassets */ = {isa = PBXFileReference; lastKnownFileType = folder.assetcatalog; path = Images.xcassets; sourceTree = "<group>"; };
		17DA99E027B45FCE00922724 /* MyTabBarController.swift */ = {isa = PBXFileReference; lastKnownFileType = sourcecode.swift; path = MyTabBarController.swift; sourceTree = "<group>"; };
		37CB48061010DE2E12C8D83C /* Pods-Rick&Morty.release.xcconfig */ = {isa = PBXFileReference; includeInIndex = 1; lastKnownFileType = text.xcconfig; name = "Pods-Rick&Morty.release.xcconfig"; path = "Target Support Files/Pods-Rick&Morty/Pods-Rick&Morty.release.xcconfig"; sourceTree = "<group>"; };
		4025DD9D0787B2E33A8D162C /* Pods-Rick&Morty-Rick&MortyUITests.debug.xcconfig */ = {isa = PBXFileReference; includeInIndex = 1; lastKnownFileType = text.xcconfig; name = "Pods-Rick&Morty-Rick&MortyUITests.debug.xcconfig"; path = "Target Support Files/Pods-Rick&Morty-Rick&MortyUITests/Pods-Rick&Morty-Rick&MortyUITests.debug.xcconfig"; sourceTree = "<group>"; };
		6D3E7FE459AFEFCEEC51B9CD /* Pods_Rick_Morty_Rick_MortyUITests.framework */ = {isa = PBXFileReference; explicitFileType = wrapper.framework; includeInIndex = 0; path = Pods_Rick_Morty_Rick_MortyUITests.framework; sourceTree = BUILT_PRODUCTS_DIR; };
		717FFB72B3D4E02EE2D8AF06 /* Pods-Rick&Morty-Rick&MortyUITests.release.xcconfig */ = {isa = PBXFileReference; includeInIndex = 1; lastKnownFileType = text.xcconfig; name = "Pods-Rick&Morty-Rick&MortyUITests.release.xcconfig"; path = "Target Support Files/Pods-Rick&Morty-Rick&MortyUITests/Pods-Rick&Morty-Rick&MortyUITests.release.xcconfig"; sourceTree = "<group>"; };
		862019942CEF44069CCDDDAC /* Pods-Rick&MortyTests.release.xcconfig */ = {isa = PBXFileReference; includeInIndex = 1; lastKnownFileType = text.xcconfig; name = "Pods-Rick&MortyTests.release.xcconfig"; path = "Target Support Files/Pods-Rick&MortyTests/Pods-Rick&MortyTests.release.xcconfig"; sourceTree = "<group>"; };
		86ED3D2DB9248BE7CB699B92 /* Pods-Rick&Morty.debug.xcconfig */ = {isa = PBXFileReference; includeInIndex = 1; lastKnownFileType = text.xcconfig; name = "Pods-Rick&Morty.debug.xcconfig"; path = "Target Support Files/Pods-Rick&Morty/Pods-Rick&Morty.debug.xcconfig"; sourceTree = "<group>"; };
		E91B63783DF1A64989ECC1A6 /* Pods_Rick_Morty.framework */ = {isa = PBXFileReference; explicitFileType = wrapper.framework; includeInIndex = 0; path = Pods_Rick_Morty.framework; sourceTree = BUILT_PRODUCTS_DIR; };
		FC71A7A1C9B95167DF34E35C /* Pods_Rick_MortyTests.framework */ = {isa = PBXFileReference; explicitFileType = wrapper.framework; includeInIndex = 0; path = Pods_Rick_MortyTests.framework; sourceTree = BUILT_PRODUCTS_DIR; };
/* End PBXFileReference section */

/* Begin PBXFrameworksBuildPhase section */
		1718F70E27DAA1DA003CA031 /* Frameworks */ = {
			isa = PBXFrameworksBuildPhase;
			buildActionMask = 2147483647;
			files = (
			);
			runOnlyForDeploymentPostprocessing = 0;
		};
		17DA997727AEF49F00922724 /* Frameworks */ = {
			isa = PBXFrameworksBuildPhase;
			buildActionMask = 2147483647;
			files = (
				8EA40C0FF9A73BB4988FF7D6 /* Pods_Rick_Morty.framework in Frameworks */,
			);
			runOnlyForDeploymentPostprocessing = 0;
		};
/* End PBXFrameworksBuildPhase section */

/* Begin PBXGroup section */
		1718F71227DAA1DA003CA031 /* Rick&MortyTests */ = {
			isa = PBXGroup;
			children = (
				1718F71D27DAA255003CA031 /* Stubs */,
				1718F71B27DAA249003CA031 /* TestCases */,
				1784B0A127E76EEC0006775E /* Extensions.swift */,
			);
			path = "Rick&MortyTests";
			sourceTree = "<group>";
		};
		1718F71B27DAA249003CA031 /* TestCases */ = {
			isa = PBXGroup;
			children = (
				1718F72027DBAE2F003CA031 /* ViewModel */,
			);
			path = TestCases;
			sourceTree = "<group>";
		};
		1718F71D27DAA255003CA031 /* Stubs */ = {
			isa = PBXGroup;
			children = (
				1784B0BF27E7A6850006775E /* Character */,
				1784B0BE27E7A67B0006775E /* Episode */,
				1784B0BD27E7A6730006775E /* Location */,
			);
			path = Stubs;
			sourceTree = "<group>";
		};
		1718F72027DBAE2F003CA031 /* ViewModel */ = {
			isa = PBXGroup;
			children = (
				1718F71E27DABB49003CA031 /* LocationsViewModelTest.swift */,
				1718F72127DBAE92003CA031 /* LocationCellViewModelTest.swift */,
				1718F73127DFD4FF003CA031 /* CharactersViewModelTest.swift */,
			);
			path = ViewModel;
			sourceTree = "<group>";
		};
		1718F72627DBC313003CA031 /* Data */ = {
			isa = PBXGroup;
			children = (
				1718F72927DC05A6003CA031 /* Service.swift */,
			);
			path = Data;
			sourceTree = "<group>";
		};
		171C6D8A27D4DBB200173B02 /* Util */ = {
			isa = PBXGroup;
			children = (
				171C6D8B27D4DBC500173B02 /* Extension.swift */,
				171C6D8F27D55A2900173B02 /* Generic.swift */,
			);
			path = Util;
			sourceTree = "<group>";
		};
		171C6D9627D7862700173B02 /* Character */ = {
			isa = PBXGroup;
			children = (
				171C6D8D27D5391300173B02 /* CharacterViewController.swift */,
				171C6D9727D78F4800173B02 /* CharacterViewModel.swift */,
			);
			path = Character;
			sourceTree = "<group>";
		};
		1784B0BD27E7A6730006775E /* Location */ = {
			isa = PBXGroup;
			children = (
				1784B0A327E7A1560006775E /* locations_page1.json */,
				1784B0A727E7A54A0006775E /* locations_page2.json */,
				1784B0A927E7A5B30006775E /* location_1.json */,
				1784B0AB27E7A5D30006775E /* location_2.json */,
			);
			path = Location;
			sourceTree = "<group>";
		};
		1784B0BE27E7A67B0006775E /* Episode */ = {
			isa = PBXGroup;
			children = (
				1784B0B327E7A66A0006775E /* episode_1.json */,
				1784B0B227E7A66A0006775E /* episode_2.json */,
				1784B0AE27E7A66A0006775E /* episodes_page1.json */,
				1784B0B027E7A66A0006775E /* episodes_page2.json */,
			);
			path = Episode;
			sourceTree = "<group>";
		};
		1784B0BF27E7A6850006775E /* Character */ = {
			isa = PBXGroup;
			children = (
				1784B0AF27E7A66A0006775E /* character_1.json */,
				1784B0B427E7A66A0006775E /* character_2.json */,
				1784B0B127E7A66A0006775E /* characters_page1.json */,
				1784B0AD27E7A66A0006775E /* characters_page2.json */,
			);
			path = Character;
			sourceTree = "<group>";
		};
		1784B0C027EA32C30006775E /* LocationCell */ = {
			isa = PBXGroup;
			children = (
				17105C3327D13112005EA4E4 /* LocationCell.swift */,
				1756655E27CEC174004702AD /* LocationCellViewModel.swift */,
			);
			path = LocationCell;
			sourceTree = "<group>";
		};
		1784B0C127EA32D60006775E /* CharacterCell */ = {
			isa = PBXGroup;
			children = (
				17105C3527D13194005EA4E4 /* CharacterCell.swift */,
				1756656027CF7192004702AD /* CharacterCellViewModel.swift */,
			);
			path = CharacterCell;
			sourceTree = "<group>";
		};
		17A24DE927B7263B00C35674 /* Locations */ = {
			isa = PBXGroup;
			children = (
				17A24DE527B4698100C35674 /* LocationsViewController.swift */,
				17A24DEA27B7268700C35674 /* LocationsViewModel.swift */,
				1718F6FE27D968F1003CA031 /* LocationsRouter.swift */,
				1784B0C027EA32C30006775E /* LocationCell */,
			);
			path = Locations;
			sourceTree = "<group>";
		};
		17A24DEC27B726B700C35674 /* Characters */ = {
			isa = PBXGroup;
			children = (
				171C6D9227D771E100173B02 /* CharactersRouter.swift */,
				17A24DE727B46A1A00C35674 /* CharactersViewController.swift */,
				17A24DED27B726D700C35674 /* CharactersViewModel.swift */,
				1784B0C127EA32D60006775E /* CharacterCell */,
			);
			path = Characters;
			sourceTree = "<group>";
		};
		17DA997127AEF49F00922724 = {
			isa = PBXGroup;
			children = (
				17DA997C27AEF49F00922724 /* Rick&Morty */,
				1718F71227DAA1DA003CA031 /* Rick&MortyTests */,
				17DA997B27AEF49F00922724 /* Products */,
				DE55B42BB080C0507FE03ECE /* Pods */,
				96978979F2C74BEBE67A6244 /* Frameworks */,
			);
			sourceTree = "<group>";
		};
		17DA997B27AEF49F00922724 /* Products */ = {
			isa = PBXGroup;
			children = (
				17DA997A27AEF49F00922724 /* Rick&Morty.app */,
				1718F71127DAA1DA003CA031 /* Rick&MortyTests.xctest */,
			);
			name = Products;
			sourceTree = "<group>";
		};
		17DA997C27AEF49F00922724 /* Rick&Morty */ = {
			isa = PBXGroup;
			children = (
				1718F72627DBC313003CA031 /* Data */,
				17DA99AD27AEF74000922724 /* Model */,
				17DA99DE27B45CCC00922724 /* View */,
				171C6D8A27D4DBB200173B02 /* Util */,
				17DA998B27AEF4A000922724 /* Info.plist */,
				17DA997D27AEF49F00922724 /* AppDelegate.swift */,
				17DA997F27AEF49F00922724 /* SceneDelegate.swift */,
			);
			path = "Rick&Morty";
			sourceTree = "<group>";
		};
		17DA99AD27AEF74000922724 /* Model */ = {
			isa = PBXGroup;
			children = (
				17DA99BE27B1A60500922724 /* ApiList.swift */,
				17DA99AE27AEF76900922724 /* Character.swift */,
				17DA99B027AEF7E600922724 /* Location.swift */,
				17DA99BB27AFA6C300922724 /* Episode.swift */,
			);
			path = Model;
			sourceTree = "<group>";
		};
		17DA99DE27B45CCC00922724 /* View */ = {
			isa = PBXGroup;
			children = (
				17DA998827AEF4A000922724 /* LaunchScreen.storyboard */,
				17DA998327AEF49F00922724 /* Main.storyboard */,
				17DA998627AEF4A000922724 /* Assets.xcassets */,
				17DA99C027B2804100922724 /* Images.xcassets */,
				171C6D9427D785E400173B02 /* Base.swift */,
				171C6D9627D7862700173B02 /* Character */,
				17A24DEC27B726B700C35674 /* Characters */,
				17A24DE927B7263B00C35674 /* Locations */,
				17DA99E027B45FCE00922724 /* MyTabBarController.swift */,
			);
			path = View;
			sourceTree = "<group>";
		};
		96978979F2C74BEBE67A6244 /* Frameworks */ = {
			isa = PBXGroup;
			children = (
				E91B63783DF1A64989ECC1A6 /* Pods_Rick_Morty.framework */,
				6D3E7FE459AFEFCEEC51B9CD /* Pods_Rick_Morty_Rick_MortyUITests.framework */,
				FC71A7A1C9B95167DF34E35C /* Pods_Rick_MortyTests.framework */,
			);
			name = Frameworks;
			sourceTree = "<group>";
		};
		DE55B42BB080C0507FE03ECE /* Pods */ = {
			isa = PBXGroup;
			children = (
				86ED3D2DB9248BE7CB699B92 /* Pods-Rick&Morty.debug.xcconfig */,
				37CB48061010DE2E12C8D83C /* Pods-Rick&Morty.release.xcconfig */,
				4025DD9D0787B2E33A8D162C /* Pods-Rick&Morty-Rick&MortyUITests.debug.xcconfig */,
				717FFB72B3D4E02EE2D8AF06 /* Pods-Rick&Morty-Rick&MortyUITests.release.xcconfig */,
				09A56AD02D224E6E4A7D4B69 /* Pods-Rick&MortyTests.debug.xcconfig */,
				862019942CEF44069CCDDDAC /* Pods-Rick&MortyTests.release.xcconfig */,
			);
			path = Pods;
			sourceTree = "<group>";
		};
/* End PBXGroup section */

/* Begin PBXNativeTarget section */
		1718F71027DAA1DA003CA031 /* Rick&MortyTests */ = {
			isa = PBXNativeTarget;
			buildConfigurationList = 1718F71727DAA1DA003CA031 /* Build configuration list for PBXNativeTarget "Rick&MortyTests" */;
			buildPhases = (
				1718F70D27DAA1DA003CA031 /* Sources */,
				1718F70E27DAA1DA003CA031 /* Frameworks */,
				1718F70F27DAA1DA003CA031 /* Resources */,
			);
			buildRules = (
			);
			dependencies = (
				1718F71627DAA1DA003CA031 /* PBXTargetDependency */,
			);
			name = "Rick&MortyTests";
			productName = "Rick&MortyTests";
			productReference = 1718F71127DAA1DA003CA031 /* Rick&MortyTests.xctest */;
			productType = "com.apple.product-type.bundle.unit-test";
		};
		17DA997927AEF49F00922724 /* Rick&Morty */ = {
			isa = PBXNativeTarget;
			buildConfigurationList = 17DA99A427AEF4A000922724 /* Build configuration list for PBXNativeTarget "Rick&Morty" */;
			buildPhases = (
				10798C5BF053F22124ADF2F0 /* [CP] Check Pods Manifest.lock */,
				17DA997627AEF49F00922724 /* Sources */,
				17DA997727AEF49F00922724 /* Frameworks */,
				17DA997827AEF49F00922724 /* Resources */,
				3FDC4324045002BF70FE3E33 /* [CP] Embed Pods Frameworks */,
			);
			buildRules = (
			);
			dependencies = (
			);
			name = "Rick&Morty";
			productName = "Rick&Morty";
			productReference = 17DA997A27AEF49F00922724 /* Rick&Morty.app */;
			productType = "com.apple.product-type.application";
		};
/* End PBXNativeTarget section */

/* Begin PBXProject section */
		17DA997227AEF49F00922724 /* Project object */ = {
			isa = PBXProject;
			attributes = {
				BuildIndependentTargetsInParallel = 1;
				LastSwiftUpdateCheck = 1320;
				LastUpgradeCheck = 1320;
				TargetAttributes = {
					1718F71027DAA1DA003CA031 = {
						CreatedOnToolsVersion = 13.2.1;
						TestTargetID = 17DA997927AEF49F00922724;
					};
					17DA997927AEF49F00922724 = {
						CreatedOnToolsVersion = 13.2.1;
					};
				};
			};
			buildConfigurationList = 17DA997527AEF49F00922724 /* Build configuration list for PBXProject "Rick&Morty" */;
			compatibilityVersion = "Xcode 13.0";
			developmentRegion = en;
			hasScannedForEncodings = 0;
			knownRegions = (
				en,
				Base,
			);
			mainGroup = 17DA997127AEF49F00922724;
			productRefGroup = 17DA997B27AEF49F00922724 /* Products */;
			projectDirPath = "";
			projectRoot = "";
			targets = (
				17DA997927AEF49F00922724 /* Rick&Morty */,
				1718F71027DAA1DA003CA031 /* Rick&MortyTests */,
			);
		};
/* End PBXProject section */

/* Begin PBXResourcesBuildPhase section */
		1718F70F27DAA1DA003CA031 /* Resources */ = {
			isa = PBXResourcesBuildPhase;
			buildActionMask = 2147483647;
			files = (
				1784B0B527E7A66A0006775E /* characters_page2.json in Resources */,
				1784B0BB27E7A66A0006775E /* episode_1.json in Resources */,
				1784B0A827E7A54A0006775E /* locations_page2.json in Resources */,
				1784B0B727E7A66A0006775E /* character_1.json in Resources */,
				1784B0B927E7A66A0006775E /* characters_page1.json in Resources */,
				1784B0B627E7A66A0006775E /* episodes_page1.json in Resources */,
				1784B0AC27E7A5D30006775E /* location_2.json in Resources */,
				1784B0BA27E7A66A0006775E /* episode_2.json in Resources */,
				1784B0B827E7A66A0006775E /* episodes_page2.json in Resources */,
				1784B0A427E7A1560006775E /* locations_page1.json in Resources */,
				1784B0BC27E7A66A0006775E /* character_2.json in Resources */,
				1784B0AA27E7A5B30006775E /* location_1.json in Resources */,
			);
			runOnlyForDeploymentPostprocessing = 0;
		};
		17DA997827AEF49F00922724 /* Resources */ = {
			isa = PBXResourcesBuildPhase;
			buildActionMask = 2147483647;
			files = (
				17DA998A27AEF4A000922724 /* LaunchScreen.storyboard in Resources */,
				17DA99C127B2804100922724 /* Images.xcassets in Resources */,
				17DA998727AEF4A000922724 /* Assets.xcassets in Resources */,
				17DA998527AEF49F00922724 /* Main.storyboard in Resources */,
			);
			runOnlyForDeploymentPostprocessing = 0;
		};
/* End PBXResourcesBuildPhase section */

/* Begin PBXShellScriptBuildPhase section */
		10798C5BF053F22124ADF2F0 /* [CP] Check Pods Manifest.lock */ = {
			isa = PBXShellScriptBuildPhase;
			buildActionMask = 2147483647;
			files = (
			);
			inputFileListPaths = (
			);
			inputPaths = (
				"${PODS_PODFILE_DIR_PATH}/Podfile.lock",
				"${PODS_ROOT}/Manifest.lock",
			);
			name = "[CP] Check Pods Manifest.lock";
			outputFileListPaths = (
			);
			outputPaths = (
				"$(DERIVED_FILE_DIR)/Pods-Rick&Morty-checkManifestLockResult.txt",
			);
			runOnlyForDeploymentPostprocessing = 0;
			shellPath = /bin/sh;
			shellScript = "diff \"${PODS_PODFILE_DIR_PATH}/Podfile.lock\" \"${PODS_ROOT}/Manifest.lock\" > /dev/null\nif [ $? != 0 ] ; then\n    # print error to STDERR\n    echo \"error: The sandbox is not in sync with the Podfile.lock. Run 'pod install' or update your CocoaPods installation.\" >&2\n    exit 1\nfi\n# This output is used by Xcode 'outputs' to avoid re-running this script phase.\necho \"SUCCESS\" > \"${SCRIPT_OUTPUT_FILE_0}\"\n";
			showEnvVarsInLog = 0;
		};
		3FDC4324045002BF70FE3E33 /* [CP] Embed Pods Frameworks */ = {
			isa = PBXShellScriptBuildPhase;
			buildActionMask = 2147483647;
			files = (
			);
			inputFileListPaths = (
				"${PODS_ROOT}/Target Support Files/Pods-Rick&Morty/Pods-Rick&Morty-frameworks-${CONFIGURATION}-input-files.xcfilelist",
			);
			name = "[CP] Embed Pods Frameworks";
			outputFileListPaths = (
				"${PODS_ROOT}/Target Support Files/Pods-Rick&Morty/Pods-Rick&Morty-frameworks-${CONFIGURATION}-output-files.xcfilelist",
			);
			runOnlyForDeploymentPostprocessing = 0;
			shellPath = /bin/sh;
			shellScript = "\"${PODS_ROOT}/Target Support Files/Pods-Rick&Morty/Pods-Rick&Morty-frameworks.sh\"\n";
			showEnvVarsInLog = 0;
		};
/* End PBXShellScriptBuildPhase section */

/* Begin PBXSourcesBuildPhase section */
		1718F70D27DAA1DA003CA031 /* Sources */ = {
			isa = PBXSourcesBuildPhase;
			buildActionMask = 2147483647;
			files = (
				1718F73227DFD4FF003CA031 /* CharactersViewModelTest.swift in Sources */,
				1718F71F27DABB49003CA031 /* LocationsViewModelTest.swift in Sources */,
				1718F72227DBAE92003CA031 /* LocationCellViewModelTest.swift in Sources */,
				1784B0A227E76EEC0006775E /* Extensions.swift in Sources */,
			);
			runOnlyForDeploymentPostprocessing = 0;
		};
		17DA997627AEF49F00922724 /* Sources */ = {
			isa = PBXSourcesBuildPhase;
			buildActionMask = 2147483647;
			files = (
				17A24DE627B4698100C35674 /* LocationsViewController.swift in Sources */,
				1718F72A27DC05A6003CA031 /* Service.swift in Sources */,
				1718F6FF27D968F1003CA031 /* LocationsRouter.swift in Sources */,
				171C6D9827D78F4800173B02 /* CharacterViewModel.swift in Sources */,
				17DA99BF27B1A60500922724 /* ApiList.swift in Sources */,
				17DA997E27AEF49F00922724 /* AppDelegate.swift in Sources */,
				17DA99E127B45FCE00922724 /* MyTabBarController.swift in Sources */,
				17A24DEE27B726D700C35674 /* CharactersViewModel.swift in Sources */,
				17DA99BC27AFA6C300922724 /* Episode.swift in Sources */,
				171C6D8E27D5391300173B02 /* CharacterViewController.swift in Sources */,
				17105C3627D13194005EA4E4 /* CharacterCell.swift in Sources */,
				171C6D8C27D4DBC500173B02 /* Extension.swift in Sources */,
				171C6D9327D771E100173B02 /* CharactersRouter.swift in Sources */,
				171C6D9527D785E400173B02 /* Base.swift in Sources */,
				17105C3427D13112005EA4E4 /* LocationCell.swift in Sources */,
				17DA99B127AEF7E600922724 /* Location.swift in Sources */,
				171C6D9027D55A2900173B02 /* Generic.swift in Sources */,
				17A24DEB27B7268700C35674 /* LocationsViewModel.swift in Sources */,
				17DA998027AEF49F00922724 /* SceneDelegate.swift in Sources */,
				1756656127CF7192004702AD /* CharacterCellViewModel.swift in Sources */,
				17DA99AF27AEF76900922724 /* Character.swift in Sources */,
				1756655F27CEC174004702AD /* LocationCellViewModel.swift in Sources */,
				17A24DE827B46A1A00C35674 /* CharactersViewController.swift in Sources */,
			);
			runOnlyForDeploymentPostprocessing = 0;
		};
/* End PBXSourcesBuildPhase section */

/* Begin PBXTargetDependency section */
		1718F71627DAA1DA003CA031 /* PBXTargetDependency */ = {
			isa = PBXTargetDependency;
			target = 17DA997927AEF49F00922724 /* Rick&Morty */;
			targetProxy = 1718F71527DAA1DA003CA031 /* PBXContainerItemProxy */;
		};
/* End PBXTargetDependency section */

/* Begin PBXVariantGroup section */
		17DA998327AEF49F00922724 /* Main.storyboard */ = {
			isa = PBXVariantGroup;
			children = (
				17DA998427AEF49F00922724 /* Base */,
			);
			name = Main.storyboard;
			sourceTree = "<group>";
		};
		17DA998827AEF4A000922724 /* LaunchScreen.storyboard */ = {
			isa = PBXVariantGroup;
			children = (
				17DA998927AEF4A000922724 /* Base */,
			);
			name = LaunchScreen.storyboard;
			sourceTree = "<group>";
		};
/* End PBXVariantGroup section */

/* Begin XCBuildConfiguration section */
		1718F71827DAA1DA003CA031 /* Debug */ = {
			isa = XCBuildConfiguration;
			buildSettings = {
				BUNDLE_LOADER = "$(TEST_HOST)";
				CODE_SIGN_STYLE = Automatic;
				CURRENT_PROJECT_VERSION = 1;
				DEVELOPMENT_TEAM = GZPFLL2AK7;
				GENERATE_INFOPLIST_FILE = YES;
				IPHONEOS_DEPLOYMENT_TARGET = 15.2;
				MARKETING_VERSION = 1.0;
				PRODUCT_BUNDLE_IDENTIFIER = "com.gelistirmen.Rick-MortyTests";
				PRODUCT_NAME = "$(TARGET_NAME)";
				SWIFT_EMIT_LOC_STRINGS = NO;
				SWIFT_VERSION = 5.0;
				TARGETED_DEVICE_FAMILY = "1,2";
				TEST_HOST = "$(BUILT_PRODUCTS_DIR)/Rick&Morty.app/Rick&Morty";
			};
			name = Debug;
		};
		1718F71927DAA1DA003CA031 /* Release */ = {
			isa = XCBuildConfiguration;
			buildSettings = {
				BUNDLE_LOADER = "$(TEST_HOST)";
				CODE_SIGN_STYLE = Automatic;
				CURRENT_PROJECT_VERSION = 1;
				DEVELOPMENT_TEAM = GZPFLL2AK7;
				GENERATE_INFOPLIST_FILE = YES;
				IPHONEOS_DEPLOYMENT_TARGET = 15.2;
				MARKETING_VERSION = 1.0;
				PRODUCT_BUNDLE_IDENTIFIER = "com.gelistirmen.Rick-MortyTests";
				PRODUCT_NAME = "$(TARGET_NAME)";
				SWIFT_EMIT_LOC_STRINGS = NO;
				SWIFT_VERSION = 5.0;
				TARGETED_DEVICE_FAMILY = "1,2";
				TEST_HOST = "$(BUILT_PRODUCTS_DIR)/Rick&Morty.app/Rick&Morty";
			};
			name = Release;
		};
		17DA99A227AEF4A000922724 /* Debug */ = {
			isa = XCBuildConfiguration;
			buildSettings = {
				ALWAYS_SEARCH_USER_PATHS = NO;
				CLANG_ANALYZER_NONNULL = YES;
				CLANG_ANALYZER_NUMBER_OBJECT_CONVERSION = YES_AGGRESSIVE;
				CLANG_CXX_LANGUAGE_STANDARD = "gnu++17";
				CLANG_CXX_LIBRARY = "libc++";
				CLANG_ENABLE_MODULES = YES;
				CLANG_ENABLE_OBJC_ARC = YES;
				CLANG_ENABLE_OBJC_WEAK = YES;
				CLANG_WARN_BLOCK_CAPTURE_AUTORELEASING = YES;
				CLANG_WARN_BOOL_CONVERSION = YES;
				CLANG_WARN_COMMA = YES;
				CLANG_WARN_CONSTANT_CONVERSION = YES;
				CLANG_WARN_DEPRECATED_OBJC_IMPLEMENTATIONS = YES;
				CLANG_WARN_DIRECT_OBJC_ISA_USAGE = YES_ERROR;
				CLANG_WARN_DOCUMENTATION_COMMENTS = YES;
				CLANG_WARN_EMPTY_BODY = YES;
				CLANG_WARN_ENUM_CONVERSION = YES;
				CLANG_WARN_INFINITE_RECURSION = YES;
				CLANG_WARN_INT_CONVERSION = YES;
				CLANG_WARN_NON_LITERAL_NULL_CONVERSION = YES;
				CLANG_WARN_OBJC_IMPLICIT_RETAIN_SELF = YES;
				CLANG_WARN_OBJC_LITERAL_CONVERSION = YES;
				CLANG_WARN_OBJC_ROOT_CLASS = YES_ERROR;
				CLANG_WARN_QUOTED_INCLUDE_IN_FRAMEWORK_HEADER = YES;
				CLANG_WARN_RANGE_LOOP_ANALYSIS = YES;
				CLANG_WARN_STRICT_PROTOTYPES = YES;
				CLANG_WARN_SUSPICIOUS_MOVE = YES;
				CLANG_WARN_UNGUARDED_AVAILABILITY = YES_AGGRESSIVE;
				CLANG_WARN_UNREACHABLE_CODE = YES;
				CLANG_WARN__DUPLICATE_METHOD_MATCH = YES;
				COPY_PHASE_STRIP = NO;
				DEBUG_INFORMATION_FORMAT = dwarf;
				ENABLE_STRICT_OBJC_MSGSEND = YES;
				ENABLE_TESTABILITY = YES;
				GCC_C_LANGUAGE_STANDARD = gnu11;
				GCC_DYNAMIC_NO_PIC = NO;
				GCC_NO_COMMON_BLOCKS = YES;
				GCC_OPTIMIZATION_LEVEL = 0;
				GCC_PREPROCESSOR_DEFINITIONS = (
					"DEBUG=1",
					"$(inherited)",
				);
				GCC_WARN_64_TO_32_BIT_CONVERSION = YES;
				GCC_WARN_ABOUT_RETURN_TYPE = YES_ERROR;
				GCC_WARN_UNDECLARED_SELECTOR = YES;
				GCC_WARN_UNINITIALIZED_AUTOS = YES_AGGRESSIVE;
				GCC_WARN_UNUSED_FUNCTION = YES;
				GCC_WARN_UNUSED_VARIABLE = YES;
				IPHONEOS_DEPLOYMENT_TARGET = 13.6;
				MTL_ENABLE_DEBUG_INFO = INCLUDE_SOURCE;
				MTL_FAST_MATH = YES;
				ONLY_ACTIVE_ARCH = YES;
				SDKROOT = iphoneos;
				SWIFT_ACTIVE_COMPILATION_CONDITIONS = DEBUG;
				SWIFT_OPTIMIZATION_LEVEL = "-Onone";
			};
			name = Debug;
		};
		17DA99A327AEF4A000922724 /* Release */ = {
			isa = XCBuildConfiguration;
			buildSettings = {
				ALWAYS_SEARCH_USER_PATHS = NO;
				CLANG_ANALYZER_NONNULL = YES;
				CLANG_ANALYZER_NUMBER_OBJECT_CONVERSION = YES_AGGRESSIVE;
				CLANG_CXX_LANGUAGE_STANDARD = "gnu++17";
				CLANG_CXX_LIBRARY = "libc++";
				CLANG_ENABLE_MODULES = YES;
				CLANG_ENABLE_OBJC_ARC = YES;
				CLANG_ENABLE_OBJC_WEAK = YES;
				CLANG_WARN_BLOCK_CAPTURE_AUTORELEASING = YES;
				CLANG_WARN_BOOL_CONVERSION = YES;
				CLANG_WARN_COMMA = YES;
				CLANG_WARN_CONSTANT_CONVERSION = YES;
				CLANG_WARN_DEPRECATED_OBJC_IMPLEMENTATIONS = YES;
				CLANG_WARN_DIRECT_OBJC_ISA_USAGE = YES_ERROR;
				CLANG_WARN_DOCUMENTATION_COMMENTS = YES;
				CLANG_WARN_EMPTY_BODY = YES;
				CLANG_WARN_ENUM_CONVERSION = YES;
				CLANG_WARN_INFINITE_RECURSION = YES;
				CLANG_WARN_INT_CONVERSION = YES;
				CLANG_WARN_NON_LITERAL_NULL_CONVERSION = YES;
				CLANG_WARN_OBJC_IMPLICIT_RETAIN_SELF = YES;
				CLANG_WARN_OBJC_LITERAL_CONVERSION = YES;
				CLANG_WARN_OBJC_ROOT_CLASS = YES_ERROR;
				CLANG_WARN_QUOTED_INCLUDE_IN_FRAMEWORK_HEADER = YES;
				CLANG_WARN_RANGE_LOOP_ANALYSIS = YES;
				CLANG_WARN_STRICT_PROTOTYPES = YES;
				CLANG_WARN_SUSPICIOUS_MOVE = YES;
				CLANG_WARN_UNGUARDED_AVAILABILITY = YES_AGGRESSIVE;
				CLANG_WARN_UNREACHABLE_CODE = YES;
				CLANG_WARN__DUPLICATE_METHOD_MATCH = YES;
				COPY_PHASE_STRIP = NO;
				DEBUG_INFORMATION_FORMAT = "dwarf-with-dsym";
				ENABLE_NS_ASSERTIONS = NO;
				ENABLE_STRICT_OBJC_MSGSEND = YES;
				GCC_C_LANGUAGE_STANDARD = gnu11;
				GCC_NO_COMMON_BLOCKS = YES;
				GCC_WARN_64_TO_32_BIT_CONVERSION = YES;
				GCC_WARN_ABOUT_RETURN_TYPE = YES_ERROR;
				GCC_WARN_UNDECLARED_SELECTOR = YES;
				GCC_WARN_UNINITIALIZED_AUTOS = YES_AGGRESSIVE;
				GCC_WARN_UNUSED_FUNCTION = YES;
				GCC_WARN_UNUSED_VARIABLE = YES;
				IPHONEOS_DEPLOYMENT_TARGET = 13.6;
				MTL_ENABLE_DEBUG_INFO = NO;
				MTL_FAST_MATH = YES;
				SDKROOT = iphoneos;
				SWIFT_COMPILATION_MODE = wholemodule;
				SWIFT_OPTIMIZATION_LEVEL = "-O";
				VALIDATE_PRODUCT = YES;
			};
			name = Release;
		};
		17DA99A527AEF4A000922724 /* Debug */ = {
			isa = XCBuildConfiguration;
			baseConfigurationReference = 86ED3D2DB9248BE7CB699B92 /* Pods-Rick&Morty.debug.xcconfig */;
			buildSettings = {
				ASSETCATALOG_COMPILER_APPICON_NAME = AppIcon;
				ASSETCATALOG_COMPILER_GLOBAL_ACCENT_COLOR_NAME = AccentColor;
				CODE_SIGN_STYLE = Automatic;
				CURRENT_PROJECT_VERSION = 1;
				DEVELOPMENT_TEAM = GZPFLL2AK7;
				GENERATE_INFOPLIST_FILE = YES;
				INFOPLIST_FILE = "Rick&Morty/Info.plist";
				INFOPLIST_KEY_UIApplicationSupportsIndirectInputEvents = YES;
				INFOPLIST_KEY_UILaunchStoryboardName = LaunchScreen;
				INFOPLIST_KEY_UIMainStoryboardFile = Main;
				INFOPLIST_KEY_UISupportedInterfaceOrientations_iPad = "UIInterfaceOrientationPortrait UIInterfaceOrientationPortraitUpsideDown UIInterfaceOrientationLandscapeLeft UIInterfaceOrientationLandscapeRight";
				INFOPLIST_KEY_UISupportedInterfaceOrientations_iPhone = "UIInterfaceOrientationPortrait UIInterfaceOrientationLandscapeLeft UIInterfaceOrientationLandscapeRight";
				LD_RUNPATH_SEARCH_PATHS = (
					"$(inherited)",
					"@executable_path/Frameworks",
				);
				MARKETING_VERSION = 1.0;
				PRODUCT_BUNDLE_IDENTIFIER = "com.gelistirmen.Rick-Morty";
				PRODUCT_NAME = "$(TARGET_NAME)";
				SWIFT_EMIT_LOC_STRINGS = YES;
				SWIFT_VERSION = 5.0;
				TARGETED_DEVICE_FAMILY = "1,2";
			};
			name = Debug;
		};
		17DA99A627AEF4A000922724 /* Release */ = {
			isa = XCBuildConfiguration;
			baseConfigurationReference = 37CB48061010DE2E12C8D83C /* Pods-Rick&Morty.release.xcconfig */;
			buildSettings = {
				ASSETCATALOG_COMPILER_APPICON_NAME = AppIcon;
				ASSETCATALOG_COMPILER_GLOBAL_ACCENT_COLOR_NAME = AccentColor;
				CODE_SIGN_STYLE = Automatic;
				CURRENT_PROJECT_VERSION = 1;
				DEVELOPMENT_TEAM = GZPFLL2AK7;
				GENERATE_INFOPLIST_FILE = YES;
				INFOPLIST_FILE = "Rick&Morty/Info.plist";
				INFOPLIST_KEY_UIApplicationSupportsIndirectInputEvents = YES;
				INFOPLIST_KEY_UILaunchStoryboardName = LaunchScreen;
				INFOPLIST_KEY_UIMainStoryboardFile = Main;
				INFOPLIST_KEY_UISupportedInterfaceOrientations_iPad = "UIInterfaceOrientationPortrait UIInterfaceOrientationPortraitUpsideDown UIInterfaceOrientationLandscapeLeft UIInterfaceOrientationLandscapeRight";
				INFOPLIST_KEY_UISupportedInterfaceOrientations_iPhone = "UIInterfaceOrientationPortrait UIInterfaceOrientationLandscapeLeft UIInterfaceOrientationLandscapeRight";
				LD_RUNPATH_SEARCH_PATHS = (
					"$(inherited)",
					"@executable_path/Frameworks",
				);
				MARKETING_VERSION = 1.0;
				PRODUCT_BUNDLE_IDENTIFIER = "com.gelistirmen.Rick-Morty";
				PRODUCT_NAME = "$(TARGET_NAME)";
				SWIFT_EMIT_LOC_STRINGS = YES;
				SWIFT_VERSION = 5.0;
				TARGETED_DEVICE_FAMILY = "1,2";
			};
			name = Release;
		};
/* End XCBuildConfiguration section */

/* Begin XCConfigurationList section */
		1718F71727DAA1DA003CA031 /* Build configuration list for PBXNativeTarget "Rick&MortyTests" */ = {
			isa = XCConfigurationList;
			buildConfigurations = (
				1718F71827DAA1DA003CA031 /* Debug */,
				1718F71927DAA1DA003CA031 /* Release */,
			);
			defaultConfigurationIsVisible = 0;
			defaultConfigurationName = Release;
		};
		17DA997527AEF49F00922724 /* Build configuration list for PBXProject "Rick&Morty" */ = {
			isa = XCConfigurationList;
			buildConfigurations = (
				17DA99A227AEF4A000922724 /* Debug */,
				17DA99A327AEF4A000922724 /* Release */,
			);
			defaultConfigurationIsVisible = 0;
			defaultConfigurationName = Release;
		};
		17DA99A427AEF4A000922724 /* Build configuration list for PBXNativeTarget "Rick&Morty" */ = {
			isa = XCConfigurationList;
			buildConfigurations = (
				17DA99A527AEF4A000922724 /* Debug */,
				17DA99A627AEF4A000922724 /* Release */,
			);
			defaultConfigurationIsVisible = 0;
			defaultConfigurationName = Release;
		};
/* End XCConfigurationList section */
	};
	rootObject = 17DA997227AEF49F00922724 /* Project object */;
}
