// !$*UTF8*$!
{
	archiveVersion = 1;
	classes = {
	};
	objectVersion = 55;
	objects = {

/* Begin PBXBuildFile section */
		17DA997E27AEF49F00922724 /* AppDelegate.swift in Sources */ = {isa = PBXBuildFile; fileRef = 17DA997D27AEF49F00922724 /* AppDelegate.swift */; };
		17DA998027AEF49F00922724 /* SceneDelegate.swift in Sources */ = {isa = PBXBuildFile; fileRef = 17DA997F27AEF49F00922724 /* SceneDelegate.swift */; };
		17DA998227AEF49F00922724 /* ViewController.swift in Sources */ = {isa = PBXBuildFile; fileRef = 17DA998127AEF49F00922724 /* ViewController.swift */; };
		17DA998527AEF49F00922724 /* Main.storyboard in Resources */ = {isa = PBXBuildFile; fileRef = 17DA998327AEF49F00922724 /* Main.storyboard */; };
		17DA998727AEF4A000922724 /* Assets.xcassets in Resources */ = {isa = PBXBuildFile; fileRef = 17DA998627AEF4A000922724 /* Assets.xcassets */; };
		17DA998A27AEF4A000922724 /* LaunchScreen.storyboard in Resources */ = {isa = PBXBuildFile; fileRef = 17DA998827AEF4A000922724 /* LaunchScreen.storyboard */; };
		17DA999527AEF4A000922724 /* Rick_MortyTests.swift in Sources */ = {isa = PBXBuildFile; fileRef = 17DA999427AEF4A000922724 /* Rick_MortyTests.swift */; };
		17DA999F27AEF4A000922724 /* Rick_MortyUITests.swift in Sources */ = {isa = PBXBuildFile; fileRef = 17DA999E27AEF4A000922724 /* Rick_MortyUITests.swift */; };
		17DA99A127AEF4A000922724 /* Rick_MortyUITestsLaunchTests.swift in Sources */ = {isa = PBXBuildFile; fileRef = 17DA99A027AEF4A000922724 /* Rick_MortyUITestsLaunchTests.swift */; };
/* End PBXBuildFile section */

/* Begin PBXContainerItemProxy section */
		17DA999127AEF4A000922724 /* PBXContainerItemProxy */ = {
			isa = PBXContainerItemProxy;
			containerPortal = 17DA997227AEF49F00922724 /* Project object */;
			proxyType = 1;
			remoteGlobalIDString = 17DA997927AEF49F00922724;
			remoteInfo = "Rick&Morty";
		};
		17DA999B27AEF4A000922724 /* PBXContainerItemProxy */ = {
			isa = PBXContainerItemProxy;
			containerPortal = 17DA997227AEF49F00922724 /* Project object */;
			proxyType = 1;
			remoteGlobalIDString = 17DA997927AEF49F00922724;
			remoteInfo = "Rick&Morty";
		};
/* End PBXContainerItemProxy section */

/* Begin PBXFileReference section */
		17DA997A27AEF49F00922724 /* Rick&Morty.app */ = {isa = PBXFileReference; explicitFileType = wrapper.application; includeInIndex = 0; path = "Rick&Morty.app"; sourceTree = BUILT_PRODUCTS_DIR; };
		17DA997D27AEF49F00922724 /* AppDelegate.swift */ = {isa = PBXFileReference; lastKnownFileType = sourcecode.swift; path = AppDelegate.swift; sourceTree = "<group>"; };
		17DA997F27AEF49F00922724 /* SceneDelegate.swift */ = {isa = PBXFileReference; lastKnownFileType = sourcecode.swift; path = SceneDelegate.swift; sourceTree = "<group>"; };
		17DA998127AEF49F00922724 /* ViewController.swift */ = {isa = PBXFileReference; lastKnownFileType = sourcecode.swift; path = ViewController.swift; sourceTree = "<group>"; };
		17DA998427AEF49F00922724 /* Base */ = {isa = PBXFileReference; lastKnownFileType = file.storyboard; name = Base; path = Base.lproj/Main.storyboard; sourceTree = "<group>"; };
		17DA998627AEF4A000922724 /* Assets.xcassets */ = {isa = PBXFileReference; lastKnownFileType = folder.assetcatalog; path = Assets.xcassets; sourceTree = "<group>"; };
		17DA998927AEF4A000922724 /* Base */ = {isa = PBXFileReference; lastKnownFileType = file.storyboard; name = Base; path = Base.lproj/LaunchScreen.storyboard; sourceTree = "<group>"; };
		17DA998B27AEF4A000922724 /* Info.plist */ = {isa = PBXFileReference; lastKnownFileType = text.plist.xml; path = Info.plist; sourceTree = "<group>"; };
		17DA999027AEF4A000922724 /* Rick&MortyTests.xctest */ = {isa = PBXFileReference; explicitFileType = wrapper.cfbundle; includeInIndex = 0; path = "Rick&MortyTests.xctest"; sourceTree = BUILT_PRODUCTS_DIR; };
		17DA999427AEF4A000922724 /* Rick_MortyTests.swift */ = {isa = PBXFileReference; lastKnownFileType = sourcecode.swift; path = Rick_MortyTests.swift; sourceTree = "<group>"; };
		17DA999A27AEF4A000922724 /* Rick&MortyUITests.xctest */ = {isa = PBXFileReference; explicitFileType = wrapper.cfbundle; includeInIndex = 0; path = "Rick&MortyUITests.xctest"; sourceTree = BUILT_PRODUCTS_DIR; };
		17DA999E27AEF4A000922724 /* Rick_MortyUITests.swift */ = {isa = PBXFileReference; lastKnownFileType = sourcecode.swift; path = Rick_MortyUITests.swift; sourceTree = "<group>"; };
		17DA99A027AEF4A000922724 /* Rick_MortyUITestsLaunchTests.swift */ = {isa = PBXFileReference; lastKnownFileType = sourcecode.swift; path = Rick_MortyUITestsLaunchTests.swift; sourceTree = "<group>"; };
/* End PBXFileReference section */

/* Begin PBXFrameworksBuildPhase section */
		17DA997727AEF49F00922724 /* Frameworks */ = {
			isa = PBXFrameworksBuildPhase;
			buildActionMask = 2147483647;
			files = (
			);
			runOnlyForDeploymentPostprocessing = 0;
		};
		17DA998D27AEF4A000922724 /* Frameworks */ = {
			isa = PBXFrameworksBuildPhase;
			buildActionMask = 2147483647;
			files = (
			);
			runOnlyForDeploymentPostprocessing = 0;
		};
		17DA999727AEF4A000922724 /* Frameworks */ = {
			isa = PBXFrameworksBuildPhase;
			buildActionMask = 2147483647;
			files = (
			);
			runOnlyForDeploymentPostprocessing = 0;
		};
/* End PBXFrameworksBuildPhase section */

/* Begin PBXGroup section */
		17DA997127AEF49F00922724 = {
			isa = PBXGroup;
			children = (
				17DA997C27AEF49F00922724 /* Rick&Morty */,
				17DA999327AEF4A000922724 /* Rick&MortyTests */,
				17DA999D27AEF4A000922724 /* Rick&MortyUITests */,
				17DA997B27AEF49F00922724 /* Products */,
			);
			sourceTree = "<group>";
		};
		17DA997B27AEF49F00922724 /* Products */ = {
			isa = PBXGroup;
			children = (
				17DA997A27AEF49F00922724 /* Rick&Morty.app */,
				17DA999027AEF4A000922724 /* Rick&MortyTests.xctest */,
				17DA999A27AEF4A000922724 /* Rick&MortyUITests.xctest */,
			);
			name = Products;
			sourceTree = "<group>";
		};
		17DA997C27AEF49F00922724 /* Rick&Morty */ = {
			isa = PBXGroup;
			children = (
				17DA997D27AEF49F00922724 /* AppDelegate.swift */,
				17DA997F27AEF49F00922724 /* SceneDelegate.swift */,
				17DA998127AEF49F00922724 /* ViewController.swift */,
				17DA998327AEF49F00922724 /* Main.storyboard */,
				17DA998627AEF4A000922724 /* Assets.xcassets */,
				17DA998827AEF4A000922724 /* LaunchScreen.storyboard */,
				17DA998B27AEF4A000922724 /* Info.plist */,
			);
			path = "Rick&Morty";
			sourceTree = "<group>";
		};
		17DA999327AEF4A000922724 /* Rick&MortyTests */ = {
			isa = PBXGroup;
			children = (
				17DA999427AEF4A000922724 /* Rick_MortyTests.swift */,
			);
			path = "Rick&MortyTests";
			sourceTree = "<group>";
		};
		17DA999D27AEF4A000922724 /* Rick&MortyUITests */ = {
			isa = PBXGroup;
			children = (
				17DA999E27AEF4A000922724 /* Rick_MortyUITests.swift */,
				17DA99A027AEF4A000922724 /* Rick_MortyUITestsLaunchTests.swift */,
			);
			path = "Rick&MortyUITests";
			sourceTree = "<group>";
		};
/* End PBXGroup section */

/* Begin PBXNativeTarget section */
		17DA997927AEF49F00922724 /* Rick&Morty */ = {
			isa = PBXNativeTarget;
			buildConfigurationList = 17DA99A427AEF4A000922724 /* Build configuration list for PBXNativeTarget "Rick&Morty" */;
			buildPhases = (
				17DA997627AEF49F00922724 /* Sources */,
				17DA997727AEF49F00922724 /* Frameworks */,
				17DA997827AEF49F00922724 /* Resources */,
			);
			buildRules = (
			);
			dependencies = (
			);
			name = "Rick&Morty";
			productName = "Rick&Morty";
			productReference = 17DA997A27AEF49F00922724 /* Rick&Morty.app */;
			productType = "com.apple.product-type.application";
		};
		17DA998F27AEF4A000922724 /* Rick&MortyTests */ = {
			isa = PBXNativeTarget;
			buildConfigurationList = 17DA99A727AEF4A000922724 /* Build configuration list for PBXNativeTarget "Rick&MortyTests" */;
			buildPhases = (
				17DA998C27AEF4A000922724 /* Sources */,
				17DA998D27AEF4A000922724 /* Frameworks */,
				17DA998E27AEF4A000922724 /* Resources */,
			);
			buildRules = (
			);
			dependencies = (
				17DA999227AEF4A000922724 /* PBXTargetDependency */,
			);
			name = "Rick&MortyTests";
			productName = "Rick&MortyTests";
			productReference = 17DA999027AEF4A000922724 /* Rick&MortyTests.xctest */;
			productType = "com.apple.product-type.bundle.unit-test";
		};
		17DA999927AEF4A000922724 /* Rick&MortyUITests */ = {
			isa = PBXNativeTarget;
			buildConfigurationList = 17DA99AA27AEF4A000922724 /* Build configuration list for PBXNativeTarget "Rick&MortyUITests" */;
			buildPhases = (
				17DA999627AEF4A000922724 /* Sources */,
				17DA999727AEF4A000922724 /* Frameworks */,
				17DA999827AEF4A000922724 /* Resources */,
			);
			buildRules = (
			);
			dependencies = (
				17DA999C27AEF4A000922724 /* PBXTargetDependency */,
			);
			name = "Rick&MortyUITests";
			productName = "Rick&MortyUITests";
			productReference = 17DA999A27AEF4A000922724 /* Rick&MortyUITests.xctest */;
			productType = "com.apple.product-type.bundle.ui-testing";
		};
/* End PBXNativeTarget section */

/* Begin PBXProject section */
		17DA997227AEF49F00922724 /* Project object */ = {
			isa = PBXProject;
			attributes = {
				BuildIndependentTargetsInParallel = 1;
				LastSwiftUpdateCheck = 1320;
				LastUpgradeCheck = 1320;
				TargetAttributes = {
					17DA997927AEF49F00922724 = {
						CreatedOnToolsVersion = 13.2.1;
					};
					17DA998F27AEF4A000922724 = {
						CreatedOnToolsVersion = 13.2.1;
						TestTargetID = 17DA997927AEF49F00922724;
					};
					17DA999927AEF4A000922724 = {
						CreatedOnToolsVersion = 13.2.1;
						TestTargetID = 17DA997927AEF49F00922724;
					};
				};
			};
			buildConfigurationList = 17DA997527AEF49F00922724 /* Build configuration list for PBXProject "Rick&Morty" */;
			compatibilityVersion = "Xcode 13.0";
			developmentRegion = en;
			hasScannedForEncodings = 0;
			knownRegions = (
				en,
				Base,
			);
			mainGroup = 17DA997127AEF49F00922724;
			productRefGroup = 17DA997B27AEF49F00922724 /* Products */;
			projectDirPath = "";
			projectRoot = "";
			targets = (
				17DA997927AEF49F00922724 /* Rick&Morty */,
				17DA998F27AEF4A000922724 /* Rick&MortyTests */,
				17DA999927AEF4A000922724 /* Rick&MortyUITests */,
			);
		};
/* End PBXProject section */

/* Begin PBXResourcesBuildPhase section */
		17DA997827AEF49F00922724 /* Resources */ = {
			isa = PBXResourcesBuildPhase;
			buildActionMask = 2147483647;
			files = (
				17DA998A27AEF4A000922724 /* LaunchScreen.storyboard in Resources */,
				17DA998727AEF4A000922724 /* Assets.xcassets in Resources */,
				17DA998527AEF49F00922724 /* Main.storyboard in Resources */,
			);
			runOnlyForDeploymentPostprocessing = 0;
		};
		17DA998E27AEF4A000922724 /* Resources */ = {
			isa = PBXResourcesBuildPhase;
			buildActionMask = 2147483647;
			files = (
			);
			runOnlyForDeploymentPostprocessing = 0;
		};
		17DA999827AEF4A000922724 /* Resources */ = {
			isa = PBXResourcesBuildPhase;
			buildActionMask = 2147483647;
			files = (
			);
			runOnlyForDeploymentPostprocessing = 0;
		};
/* End PBXResourcesBuildPhase section */

/* Begin PBXSourcesBuildPhase section */
		17DA997627AEF49F00922724 /* Sources */ = {
			isa = PBXSourcesBuildPhase;
			buildActionMask = 2147483647;
			files = (
				17DA998227AEF49F00922724 /* ViewController.swift in Sources */,
				17DA997E27AEF49F00922724 /* AppDelegate.swift in Sources */,
				17DA998027AEF49F00922724 /* SceneDelegate.swift in Sources */,
			);
			runOnlyForDeploymentPostprocessing = 0;
		};
		17DA998C27AEF4A000922724 /* Sources */ = {
			isa = PBXSourcesBuildPhase;
			buildActionMask = 2147483647;
			files = (
				17DA999527AEF4A000922724 /* Rick_MortyTests.swift in Sources */,
			);
			runOnlyForDeploymentPostprocessing = 0;
		};
		17DA999627AEF4A000922724 /* Sources */ = {
			isa = PBXSourcesBuildPhase;
			buildActionMask = 2147483647;
			files = (
				17DA999F27AEF4A000922724 /* Rick_MortyUITests.swift in Sources */,
				17DA99A127AEF4A000922724 /* Rick_MortyUITestsLaunchTests.swift in Sources */,
			);
			runOnlyForDeploymentPostprocessing = 0;
		};
/* End PBXSourcesBuildPhase section */

/* Begin PBXTargetDependency section */
		17DA999227AEF4A000922724 /* PBXTargetDependency */ = {
			isa = PBXTargetDependency;
			target = 17DA997927AEF49F00922724 /* Rick&Morty */;
			targetProxy = 17DA999127AEF4A000922724 /* PBXContainerItemProxy */;
		};
		17DA999C27AEF4A000922724 /* PBXTargetDependency */ = {
			isa = PBXTargetDependency;
			target = 17DA997927AEF49F00922724 /* Rick&Morty */;
			targetProxy = 17DA999B27AEF4A000922724 /* PBXContainerItemProxy */;
		};
/* End PBXTargetDependency section */

/* Begin PBXVariantGroup section */
		17DA998327AEF49F00922724 /* Main.storyboard */ = {
			isa = PBXVariantGroup;
			children = (
				17DA998427AEF49F00922724 /* Base */,
			);
			name = Main.storyboard;
			sourceTree = "<group>";
		};
		17DA998827AEF4A000922724 /* LaunchScreen.storyboard */ = {
			isa = PBXVariantGroup;
			children = (
				17DA998927AEF4A000922724 /* Base */,
			);
			name = LaunchScreen.storyboard;
			sourceTree = "<group>";
		};
/* End PBXVariantGroup section */

/* Begin XCBuildConfiguration section */
		17DA99A227AEF4A000922724 /* Debug */ = {
			isa = XCBuildConfiguration;
			buildSettings = {
				ALWAYS_SEARCH_USER_PATHS = NO;
				CLANG_ANALYZER_NONNULL = YES;
				CLANG_ANALYZER_NUMBER_OBJECT_CONVERSION = YES_AGGRESSIVE;
				CLANG_CXX_LANGUAGE_STANDARD = "gnu++17";
				CLANG_CXX_LIBRARY = "libc++";
				CLANG_ENABLE_MODULES = YES;
				CLANG_ENABLE_OBJC_ARC = YES;
				CLANG_ENABLE_OBJC_WEAK = YES;
				CLANG_WARN_BLOCK_CAPTURE_AUTORELEASING = YES;
				CLANG_WARN_BOOL_CONVERSION = YES;
				CLANG_WARN_COMMA = YES;
				CLANG_WARN_CONSTANT_CONVERSION = YES;
				CLANG_WARN_DEPRECATED_OBJC_IMPLEMENTATIONS = YES;
				CLANG_WARN_DIRECT_OBJC_ISA_USAGE = YES_ERROR;
				CLANG_WARN_DOCUMENTATION_COMMENTS = YES;
				CLANG_WARN_EMPTY_BODY = YES;
				CLANG_WARN_ENUM_CONVERSION = YES;
				CLANG_WARN_INFINITE_RECURSION = YES;
				CLANG_WARN_INT_CONVERSION = YES;
				CLANG_WARN_NON_LITERAL_NULL_CONVERSION = YES;
				CLANG_WARN_OBJC_IMPLICIT_RETAIN_SELF = YES;
				CLANG_WARN_OBJC_LITERAL_CONVERSION = YES;
				CLANG_WARN_OBJC_ROOT_CLASS = YES_ERROR;
				CLANG_WARN_QUOTED_INCLUDE_IN_FRAMEWORK_HEADER = YES;
				CLANG_WARN_RANGE_LOOP_ANALYSIS = YES;
				CLANG_WARN_STRICT_PROTOTYPES = YES;
				CLANG_WARN_SUSPICIOUS_MOVE = YES;
				CLANG_WARN_UNGUARDED_AVAILABILITY = YES_AGGRESSIVE;
				CLANG_WARN_UNREACHABLE_CODE = YES;
				CLANG_WARN__DUPLICATE_METHOD_MATCH = YES;
				COPY_PHASE_STRIP = NO;
				DEBUG_INFORMATION_FORMAT = dwarf;
				ENABLE_STRICT_OBJC_MSGSEND = YES;
				ENABLE_TESTABILITY = YES;
				GCC_C_LANGUAGE_STANDARD = gnu11;
				GCC_DYNAMIC_NO_PIC = NO;
				GCC_NO_COMMON_BLOCKS = YES;
				GCC_OPTIMIZATION_LEVEL = 0;
				GCC_PREPROCESSOR_DEFINITIONS = (
					"DEBUG=1",
					"$(inherited)",
				);
				GCC_WARN_64_TO_32_BIT_CONVERSION = YES;
				GCC_WARN_ABOUT_RETURN_TYPE = YES_ERROR;
				GCC_WARN_UNDECLARED_SELECTOR = YES;
				GCC_WARN_UNINITIALIZED_AUTOS = YES_AGGRESSIVE;
				GCC_WARN_UNUSED_FUNCTION = YES;
				GCC_WARN_UNUSED_VARIABLE = YES;
				IPHONEOS_DEPLOYMENT_TARGET = 15.2;
				MTL_ENABLE_DEBUG_INFO = INCLUDE_SOURCE;
				MTL_FAST_MATH = YES;
				ONLY_ACTIVE_ARCH = YES;
				SDKROOT = iphoneos;
				SWIFT_ACTIVE_COMPILATION_CONDITIONS = DEBUG;
				SWIFT_OPTIMIZATION_LEVEL = "-Onone";
			};
			name = Debug;
		};
		17DA99A327AEF4A000922724 /* Release */ = {
			isa = XCBuildConfiguration;
			buildSettings = {
				ALWAYS_SEARCH_USER_PATHS = NO;
				CLANG_ANALYZER_NONNULL = YES;
				CLANG_ANALYZER_NUMBER_OBJECT_CONVERSION = YES_AGGRESSIVE;
				CLANG_CXX_LANGUAGE_STANDARD = "gnu++17";
				CLANG_CXX_LIBRARY = "libc++";
				CLANG_ENABLE_MODULES = YES;
				CLANG_ENABLE_OBJC_ARC = YES;
				CLANG_ENABLE_OBJC_WEAK = YES;
				CLANG_WARN_BLOCK_CAPTURE_AUTORELEASING = YES;
				CLANG_WARN_BOOL_CONVERSION = YES;
				CLANG_WARN_COMMA = YES;
				CLANG_WARN_CONSTANT_CONVERSION = YES;
				CLANG_WARN_DEPRECATED_OBJC_IMPLEMENTATIONS = YES;
				CLANG_WARN_DIRECT_OBJC_ISA_USAGE = YES_ERROR;
				CLANG_WARN_DOCUMENTATION_COMMENTS = YES;
				CLANG_WARN_EMPTY_BODY = YES;
				CLANG_WARN_ENUM_CONVERSION = YES;
				CLANG_WARN_INFINITE_RECURSION = YES;
				CLANG_WARN_INT_CONVERSION = YES;
				CLANG_WARN_NON_LITERAL_NULL_CONVERSION = YES;
				CLANG_WARN_OBJC_IMPLICIT_RETAIN_SELF = YES;
				CLANG_WARN_OBJC_LITERAL_CONVERSION = YES;
				CLANG_WARN_OBJC_ROOT_CLASS = YES_ERROR;
				CLANG_WARN_QUOTED_INCLUDE_IN_FRAMEWORK_HEADER = YES;
				CLANG_WARN_RANGE_LOOP_ANALYSIS = YES;
				CLANG_WARN_STRICT_PROTOTYPES = YES;
				CLANG_WARN_SUSPICIOUS_MOVE = YES;
				CLANG_WARN_UNGUARDED_AVAILABILITY = YES_AGGRESSIVE;
				CLANG_WARN_UNREACHABLE_CODE = YES;
				CLANG_WARN__DUPLICATE_METHOD_MATCH = YES;
				COPY_PHASE_STRIP = NO;
				DEBUG_INFORMATION_FORMAT = "dwarf-with-dsym";
				ENABLE_NS_ASSERTIONS = NO;
				ENABLE_STRICT_OBJC_MSGSEND = YES;
				GCC_C_LANGUAGE_STANDARD = gnu11;
				GCC_NO_COMMON_BLOCKS = YES;
				GCC_WARN_64_TO_32_BIT_CONVERSION = YES;
				GCC_WARN_ABOUT_RETURN_TYPE = YES_ERROR;
				GCC_WARN_UNDECLARED_SELECTOR = YES;
				GCC_WARN_UNINITIALIZED_AUTOS = YES_AGGRESSIVE;
				GCC_WARN_UNUSED_FUNCTION = YES;
				GCC_WARN_UNUSED_VARIABLE = YES;
				IPHONEOS_DEPLOYMENT_TARGET = 15.2;
				MTL_ENABLE_DEBUG_INFO = NO;
				MTL_FAST_MATH = YES;
				SDKROOT = iphoneos;
				SWIFT_COMPILATION_MODE = wholemodule;
				SWIFT_OPTIMIZATION_LEVEL = "-O";
				VALIDATE_PRODUCT = YES;
			};
			name = Release;
		};
		17DA99A527AEF4A000922724 /* Debug */ = {
			isa = XCBuildConfiguration;
			buildSettings = {
				ASSETCATALOG_COMPILER_APPICON_NAME = AppIcon;
				ASSETCATALOG_COMPILER_GLOBAL_ACCENT_COLOR_NAME = AccentColor;
				CODE_SIGN_STYLE = Automatic;
				CURRENT_PROJECT_VERSION = 1;
				DEVELOPMENT_TEAM = GZPFLL2AK7;
				GENERATE_INFOPLIST_FILE = YES;
				INFOPLIST_FILE = "Rick&Morty/Info.plist";
				INFOPLIST_KEY_UIApplicationSupportsIndirectInputEvents = YES;
				INFOPLIST_KEY_UILaunchStoryboardName = LaunchScreen;
				INFOPLIST_KEY_UIMainStoryboardFile = Main;
				INFOPLIST_KEY_UISupportedInterfaceOrientations_iPad = "UIInterfaceOrientationPortrait UIInterfaceOrientationPortraitUpsideDown UIInterfaceOrientationLandscapeLeft UIInterfaceOrientationLandscapeRight";
				INFOPLIST_KEY_UISupportedInterfaceOrientations_iPhone = "UIInterfaceOrientationPortrait UIInterfaceOrientationLandscapeLeft UIInterfaceOrientationLandscapeRight";
				LD_RUNPATH_SEARCH_PATHS = (
					"$(inherited)",
					"@executable_path/Frameworks",
				);
				MARKETING_VERSION = 1.0;
				PRODUCT_BUNDLE_IDENTIFIER = "com.gelistirmen.Rick-Morty";
				PRODUCT_NAME = "$(TARGET_NAME)";
				SWIFT_EMIT_LOC_STRINGS = YES;
				SWIFT_VERSION = 5.0;
				TARGETED_DEVICE_FAMILY = "1,2";
			};
			name = Debug;
		};
		17DA99A627AEF4A000922724 /* Release */ = {
			isa = XCBuildConfiguration;
			buildSettings = {
				ASSETCATALOG_COMPILER_APPICON_NAME = AppIcon;
				ASSETCATALOG_COMPILER_GLOBAL_ACCENT_COLOR_NAME = AccentColor;
				CODE_SIGN_STYLE = Automatic;
				CURRENT_PROJECT_VERSION = 1;
				DEVELOPMENT_TEAM = GZPFLL2AK7;
				GENERATE_INFOPLIST_FILE = YES;
				INFOPLIST_FILE = "Rick&Morty/Info.plist";
				INFOPLIST_KEY_UIApplicationSupportsIndirectInputEvents = YES;
				INFOPLIST_KEY_UILaunchStoryboardName = LaunchScreen;
				INFOPLIST_KEY_UIMainStoryboardFile = Main;
				INFOPLIST_KEY_UISupportedInterfaceOrientations_iPad = "UIInterfaceOrientationPortrait UIInterfaceOrientationPortraitUpsideDown UIInterfaceOrientationLandscapeLeft UIInterfaceOrientationLandscapeRight";
				INFOPLIST_KEY_UISupportedInterfaceOrientations_iPhone = "UIInterfaceOrientationPortrait UIInterfaceOrientationLandscapeLeft UIInterfaceOrientationLandscapeRight";
				LD_RUNPATH_SEARCH_PATHS = (
					"$(inherited)",
					"@executable_path/Frameworks",
				);
				MARKETING_VERSION = 1.0;
				PRODUCT_BUNDLE_IDENTIFIER = "com.gelistirmen.Rick-Morty";
				PRODUCT_NAME = "$(TARGET_NAME)";
				SWIFT_EMIT_LOC_STRINGS = YES;
				SWIFT_VERSION = 5.0;
				TARGETED_DEVICE_FAMILY = "1,2";
			};
			name = Release;
		};
		17DA99A827AEF4A000922724 /* Debug */ = {
			isa = XCBuildConfiguration;
			buildSettings = {
				ALWAYS_EMBED_SWIFT_STANDARD_LIBRARIES = YES;
				BUNDLE_LOADER = "$(TEST_HOST)";
				CODE_SIGN_STYLE = Automatic;
				CURRENT_PROJECT_VERSION = 1;
				DEVELOPMENT_TEAM = GZPFLL2AK7;
				GENERATE_INFOPLIST_FILE = YES;
				IPHONEOS_DEPLOYMENT_TARGET = 15.2;
				MARKETING_VERSION = 1.0;
				PRODUCT_BUNDLE_IDENTIFIER = "com.gelistirmen.Rick-MortyTests";
				PRODUCT_NAME = "$(TARGET_NAME)";
				SWIFT_EMIT_LOC_STRINGS = NO;
				SWIFT_VERSION = 5.0;
				TARGETED_DEVICE_FAMILY = "1,2";
				TEST_HOST = "$(BUILT_PRODUCTS_DIR)/Rick&Morty.app/Rick&Morty";
			};
			name = Debug;
		};
		17DA99A927AEF4A000922724 /* Release */ = {
			isa = XCBuildConfiguration;
			buildSettings = {
				ALWAYS_EMBED_SWIFT_STANDARD_LIBRARIES = YES;
				BUNDLE_LOADER = "$(TEST_HOST)";
				CODE_SIGN_STYLE = Automatic;
				CURRENT_PROJECT_VERSION = 1;
				DEVELOPMENT_TEAM = GZPFLL2AK7;
				GENERATE_INFOPLIST_FILE = YES;
				IPHONEOS_DEPLOYMENT_TARGET = 15.2;
				MARKETING_VERSION = 1.0;
				PRODUCT_BUNDLE_IDENTIFIER = "com.gelistirmen.Rick-MortyTests";
				PRODUCT_NAME = "$(TARGET_NAME)";
				SWIFT_EMIT_LOC_STRINGS = NO;
				SWIFT_VERSION = 5.0;
				TARGETED_DEVICE_FAMILY = "1,2";
				TEST_HOST = "$(BUILT_PRODUCTS_DIR)/Rick&Morty.app/Rick&Morty";
			};
			name = Release;
		};
		17DA99AB27AEF4A000922724 /* Debug */ = {
			isa = XCBuildConfiguration;
			buildSettings = {
				ALWAYS_EMBED_SWIFT_STANDARD_LIBRARIES = YES;
				CODE_SIGN_STYLE = Automatic;
				CURRENT_PROJECT_VERSION = 1;
				DEVELOPMENT_TEAM = GZPFLL2AK7;
				GENERATE_INFOPLIST_FILE = YES;
				MARKETING_VERSION = 1.0;
				PRODUCT_BUNDLE_IDENTIFIER = "com.gelistirmen.Rick-MortyUITests";
				PRODUCT_NAME = "$(TARGET_NAME)";
				SWIFT_EMIT_LOC_STRINGS = NO;
				SWIFT_VERSION = 5.0;
				TARGETED_DEVICE_FAMILY = "1,2";
				TEST_TARGET_NAME = "Rick&Morty";
			};
			name = Debug;
		};
		17DA99AC27AEF4A000922724 /* Release */ = {
			isa = XCBuildConfiguration;
			buildSettings = {
				ALWAYS_EMBED_SWIFT_STANDARD_LIBRARIES = YES;
				CODE_SIGN_STYLE = Automatic;
				CURRENT_PROJECT_VERSION = 1;
				DEVELOPMENT_TEAM = GZPFLL2AK7;
				GENERATE_INFOPLIST_FILE = YES;
				MARKETING_VERSION = 1.0;
				PRODUCT_BUNDLE_IDENTIFIER = "com.gelistirmen.Rick-MortyUITests";
				PRODUCT_NAME = "$(TARGET_NAME)";
				SWIFT_EMIT_LOC_STRINGS = NO;
				SWIFT_VERSION = 5.0;
				TARGETED_DEVICE_FAMILY = "1,2";
				TEST_TARGET_NAME = "Rick&Morty";
			};
			name = Release;
		};
/* End XCBuildConfiguration section */

/* Begin XCConfigurationList section */
		17DA997527AEF49F00922724 /* Build configuration list for PBXProject "Rick&Morty" */ = {
			isa = XCConfigurationList;
			buildConfigurations = (
				17DA99A227AEF4A000922724 /* Debug */,
				17DA99A327AEF4A000922724 /* Release */,
			);
			defaultConfigurationIsVisible = 0;
			defaultConfigurationName = Release;
		};
		17DA99A427AEF4A000922724 /* Build configuration list for PBXNativeTarget "Rick&Morty" */ = {
			isa = XCConfigurationList;
			buildConfigurations = (
				17DA99A527AEF4A000922724 /* Debug */,
				17DA99A627AEF4A000922724 /* Release */,
			);
			defaultConfigurationIsVisible = 0;
			defaultConfigurationName = Release;
		};
		17DA99A727AEF4A000922724 /* Build configuration list for PBXNativeTarget "Rick&MortyTests" */ = {
			isa = XCConfigurationList;
			buildConfigurations = (
				17DA99A827AEF4A000922724 /* Debug */,
				17DA99A927AEF4A000922724 /* Release */,
			);
			defaultConfigurationIsVisible = 0;
			defaultConfigurationName = Release;
		};
		17DA99AA27AEF4A000922724 /* Build configuration list for PBXNativeTarget "Rick&MortyUITests" */ = {
			isa = XCConfigurationList;
			buildConfigurations = (
				17DA99AB27AEF4A000922724 /* Debug */,
				17DA99AC27AEF4A000922724 /* Release */,
			);
			defaultConfigurationIsVisible = 0;
			defaultConfigurationName = Release;
		};
/* End XCConfigurationList section */
	};
	rootObject = 17DA997227AEF49F00922724 /* Project object */;
}
